
Microsoft Visual Studio Solution File, Format Version 12.00
# Visual Studio Version 17
VisualStudioVersion = 17.3.32804.467
MinimumVisualStudioVersion = 10.0.40219.1
Project("{FAE04EC0-301F-11D3-BF4B-00C04F79EFBC}") = "Ejercicio1", "Ejercicio1\Ejercicio1.csproj", "{F502D533-78BB-4DB3-9E9D-A5CD20CB041F}"
EndProject
Project("{FAE04EC0-301F-11D3-BF4B-00C04F79EFBC}") = "Clases", "Clases\Clases.csproj", "{063A6AE1-3C84-460E-A73D-D876B96E6052}"
EndProject
Global
	GlobalSection(SolutionConfigurationPlatforms) = preSolution
		Debug|Any CPU = Debug|Any CPU
		Release|Any CPU = Release|Any CPU
	EndGlobalSection
	GlobalSection(ProjectConfigurationPlatforms) = postSolution
		{F502D533-78BB-4DB3-9E9D-A5CD20CB041F}.Debug|Any CPU.ActiveCfg = Debug|Any CPU
		{F502D533-78BB-4DB3-9E9D-A5CD20CB041F}.Debug|Any CPU.Build.0 = Debug|Any CPU
		{F502D533-78BB-4DB3-9E9D-A5CD20CB041F}.Release|Any CPU.ActiveCfg = Release|Any CPU
		{F502D533-78BB-4DB3-9E9D-A5CD20CB041F}.Release|Any CPU.Build.0 = Release|Any CPU
		{063A6AE1-3C84-460E-A73D-D876B96E6052}.Debug|Any CPU.ActiveCfg = Debug|Any CPU
		{063A6AE1-3C84-460E-A73D-D876B96E6052}.Debug|Any CPU.Build.0 = Debug|Any CPU
		{063A6AE1-3C84-460E-A73D-D876B96E6052}.Release|Any CPU.ActiveCfg = Release|Any CPU
		{063A6AE1-3C84-460E-A73D-D876B96E6052}.Release|Any CPU.Build.0 = Release|Any CPU
	EndGlobalSection
	GlobalSection(SolutionProperties) = preSolution
		HideSolutionNode = FALSE
	EndGlobalSection
	GlobalSection(ExtensibilityGlobals) = postSolution
		SolutionGuid = {6E8B878E-AC92-4F98-848B-F2C2A5638193}
	EndGlobalSection
EndGlobal
